
Microsoft Visual Studio Solution File, Format Version 12.00
# Visual Studio Version 16
VisualStudioVersion = 16.0.31613.86
MinimumVisualStudioVersion = 10.0.40219.1
Project("{FAE04EC0-301F-11D3-BF4B-00C04F79EFBC}") = "FlappyBirds", "FlappyBirds\FlappyBirds.csproj", "{F1A40B24-5779-4534-ADE8-56CAF858582D}"
EndProject
Global
	GlobalSection(SolutionConfigurationPlatforms) = preSolution
		Debug|Any CPU = Debug|Any CPU
		Release|Any CPU = Release|Any CPU
	EndGlobalSection
	GlobalSection(ProjectConfigurationPlatforms) = postSolution
		{F1A40B24-5779-4534-ADE8-56CAF858582D}.Debug|Any CPU.ActiveCfg = Debug|Any CPU
		{F1A40B24-5779-4534-ADE8-56CAF858582D}.Debug|Any CPU.Build.0 = Debug|Any CPU
		{F1A40B24-5779-4534-ADE8-56CAF858582D}.Release|Any CPU.ActiveCfg = Release|Any CPU
		{F1A40B24-5779-4534-ADE8-56CAF858582D}.Release|Any CPU.Build.0 = Release|Any CPU
	EndGlobalSection
	GlobalSection(SolutionProperties) = preSolution
		HideSolutionNode = FALSE
	EndGlobalSection
	GlobalSection(ExtensibilityGlobals) = postSolution
		SolutionGuid = {14273B07-D238-417B-9937-0E670E9A5893}
	EndGlobalSection
EndGlobal
